{
  "lockfile-version": 1,
  "manifest": {
    "version": 1,
    "install": {
      "nodejs": {
        "pkg-path": "nodejs"
      },
      "python3": {
        "pkg-path": "python3"
      }
    },
    "hook": {
      "on-activate": "  # Autogenerated by Flox\n  export PYTHON_DIR=\"$FLOX_ENV_CACHE/python\"\n  if [ ! -d \"$PYTHON_DIR\" ]; then\n    echo \"Creating python virtual environment in $PYTHON_DIR\"\n    python -m venv \"$PYTHON_DIR\"\n  fi\n"
    },
    "profile": {
      "bash": "  # Autogenerated by Flox\n\n  #echo \"Activating python virtual environment\" >&2\n  #source \"$PYTHON_DIR/bin/activate\"\n\n  # End autogenerated by Flox\n",
      "zsh": "  # Autogenerated by Flox\n\n  #echo \"Activating python virtual environment\" >&2\n  #source \"$PYTHON_DIR/bin/activate\"\n\n  # End autogenerated by Flox\n",
      "fish": "  # Autogenerated by Flox\n\n  #echo \"Activating python virtual environment\" >&2\n  #source \"$PYTHON_DIR/bin/activate.fish\"\n\n  # End autogenerated by Flox\n",
      "tcsh": "  # Autogenerated by Flox\n\n  #echo \"Activating python virtual environment\" >&2\n  #source \"$PYTHON_DIR/bin/activate.csh\"\n\n  # End autogenerated by Flox\n"
    },
    "options": {}
  },
  "packages": [
    {
      "attr_path": "nodejs",
      "broken": false,
      "derivation": "/nix/store/mcpi6hknkb9dz7ipp7nzh1ln1a8ak702-nodejs-22.17.0.drv",
      "description": "Event-driven I/O framework for the V8 JavaScript engine",
      "install_id": "nodejs",
      "license": "MIT",
      "locked_url": "https://github.com/flox/nixpkgs?rev=5b09dc45f24cf32316283e62aec81ffee3c3e376",
      "name": "nodejs-22.17.0",
      "pname": "nodejs",
      "rev": "5b09dc45f24cf32316283e62aec81ffee3c3e376",
      "rev_count": 838708,
      "rev_date": "2025-08-03T09:47:33Z",
      "scrape_date": "2025-08-05T00:29:24.031100Z",
      "stabilities": [
        "unstable"
      ],
      "unfree": false,
      "version": "22.17.0",
      "outputs_to_install": [
        "out"
      ],
      "outputs": {
        "dev": "/nix/store/f8p8cf7impbgzqim9nbqik6z9xj5lyc3-nodejs-22.17.0-dev",
        "libv8": "/nix/store/6fy7a1dk6z2xz57v3axlzw7lrscikk2f-nodejs-22.17.0-libv8",
        "out": "/nix/store/s7dd5qi3fzjj8q5mmygi8pasp91n727c-nodejs-22.17.0"
      },
      "system": "aarch64-darwin",
      "group": "toplevel",
      "priority": 5
    },
    {
      "attr_path": "nodejs",
      "broken": false,
      "derivation": "/nix/store/hp61l0ws5s5xipwaa0y98dwi394rsas6-nodejs-22.17.0.drv",
      "description": "Event-driven I/O framework for the V8 JavaScript engine",
      "install_id": "nodejs",
      "license": "MIT",
      "locked_url": "https://github.com/flox/nixpkgs?rev=5b09dc45f24cf32316283e62aec81ffee3c3e376",
      "name": "nodejs-22.17.0",
      "pname": "nodejs",
      "rev": "5b09dc45f24cf32316283e62aec81ffee3c3e376",
      "rev_count": 838708,
      "rev_date": "2025-08-03T09:47:33Z",
      "scrape_date": "2025-08-05T00:49:25.243906Z",
      "stabilities": [
        "unstable"
      ],
      "unfree": false,
      "version": "22.17.0",
      "outputs_to_install": [
        "out"
      ],
      "outputs": {
        "dev": "/nix/store/vgjb162lwvdqw6vf1jlam9iaxr4g4njm-nodejs-22.17.0-dev",
        "libv8": "/nix/store/5wb5rg5d9mqahhkbaxa4igrdgq7bbqra-nodejs-22.17.0-libv8",
        "out": "/nix/store/368l5fmrl9yc2h8ngbw3b6hhp7fc8chh-nodejs-22.17.0"
      },
      "system": "aarch64-linux",
      "group": "toplevel",
      "priority": 5
    },
    {
      "attr_path": "nodejs",
      "broken": false,
      "derivation": "/nix/store/dv9i7vz3bqp38vd4alipvw57nbnh159f-nodejs-22.17.0.drv",
      "description": "Event-driven I/O framework for the V8 JavaScript engine",
      "install_id": "nodejs",
      "license": "MIT",
      "locked_url": "https://github.com/flox/nixpkgs?rev=5b09dc45f24cf32316283e62aec81ffee3c3e376",
      "name": "nodejs-22.17.0",
      "pname": "nodejs",
      "rev": "5b09dc45f24cf32316283e62aec81ffee3c3e376",
      "rev_count": 838708,
      "rev_date": "2025-08-03T09:47:33Z",
      "scrape_date": "2025-08-05T01:08:52.251267Z",
      "stabilities": [
        "unstable"
      ],
      "unfree": false,
      "version": "22.17.0",
      "outputs_to_install": [
        "out"
      ],
      "outputs": {
        "dev": "/nix/store/a09q6g0l907dvib30wxp2zhd1yx8p4w9-nodejs-22.17.0-dev",
        "libv8": "/nix/store/1psqihyqxkm0pa5n6b1jyy7fn7s5d3w5-nodejs-22.17.0-libv8",
        "out": "/nix/store/rn17ypna061gf9l94m8dcq4n6jwi2qmx-nodejs-22.17.0"
      },
      "system": "x86_64-darwin",
      "group": "toplevel",
      "priority": 5
    },
    {
      "attr_path": "nodejs",
      "broken": false,
      "derivation": "/nix/store/1j5phnsrk0dylzigngdwc143a20y9ify-nodejs-22.17.0.drv",
      "description": "Event-driven I/O framework for the V8 JavaScript engine",
      "install_id": "nodejs",
      "license": "MIT",
      "locked_url": "https://github.com/flox/nixpkgs?rev=5b09dc45f24cf32316283e62aec81ffee3c3e376",
      "name": "nodejs-22.17.0",
      "pname": "nodejs",
      "rev": "5b09dc45f24cf32316283e62aec81ffee3c3e376",
      "rev_count": 838708,
      "rev_date": "2025-08-03T09:47:33Z",
      "scrape_date": "2025-08-05T01:33:09.949976Z",
      "stabilities": [
        "unstable"
      ],
      "unfree": false,
      "version": "22.17.0",
      "outputs_to_install": [
        "out"
      ],
      "outputs": {
        "dev": "/nix/store/56m9qb3lvy446hirs940cgmgjk54yssl-nodejs-22.17.0-dev",
        "libv8": "/nix/store/40hasi9aw7r9qcacppgf712qzi8aa3br-nodejs-22.17.0-libv8",
        "out": "/nix/store/whnr2rydma74q97zs56ic601ixs88njg-nodejs-22.17.0"
      },
      "system": "x86_64-linux",
      "group": "toplevel",
      "priority": 5
    },
    {
      "attr_path": "python3",
      "broken": false,
      "derivation": "/nix/store/0sgpwdw94q31k5y4gfblnwr7vf7cdkvx-python3-3.13.5.drv",
      "description": "High-level dynamically-typed programming language",
      "install_id": "python3",
      "license": "Python-2.0",
      "locked_url": "https://github.com/flox/nixpkgs?rev=5b09dc45f24cf32316283e62aec81ffee3c3e376",
      "name": "python3-3.13.5",
      "pname": "python3",
      "rev": "5b09dc45f24cf32316283e62aec81ffee3c3e376",
      "rev_count": 838708,
      "rev_date": "2025-08-03T09:47:33Z",
      "scrape_date": "2025-08-05T00:29:30.135955Z",
      "stabilities": [
        "unstable"
      ],
      "unfree": false,
      "version": "3.13.5",
      "outputs_to_install": [
        "out"
      ],
      "outputs": {
        "out": "/nix/store/v72ywdz0dd2d6sb3knymx9ww8r6pcqba-python3-3.13.5"
      },
      "system": "aarch64-darwin",
      "group": "toplevel",
      "priority": 5
    },
    {
      "attr_path": "python3",
      "broken": false,
      "derivation": "/nix/store/1cdadwmiqljyxpc2q5fsicj24yf6vir4-python3-3.13.5.drv",
      "description": "High-level dynamically-typed programming language",
      "install_id": "python3",
      "license": "Python-2.0",
      "locked_url": "https://github.com/flox/nixpkgs?rev=5b09dc45f24cf32316283e62aec81ffee3c3e376",
      "name": "python3-3.13.5",
      "pname": "python3",
      "rev": "5b09dc45f24cf32316283e62aec81ffee3c3e376",
      "rev_count": 838708,
      "rev_date": "2025-08-03T09:47:33Z",
      "scrape_date": "2025-08-05T00:49:37.184582Z",
      "stabilities": [
        "unstable"
      ],
      "unfree": false,
      "version": "3.13.5",
      "outputs_to_install": [
        "out"
      ],
      "outputs": {
        "debug": "/nix/store/lnjp4kv8avwmkrfxxxa38pyqxqx6ajpv-python3-3.13.5-debug",
        "out": "/nix/store/cr7c6cf8y7sbqwq9bj7lrm977x7c4mv9-python3-3.13.5"
      },
      "system": "aarch64-linux",
      "group": "toplevel",
      "priority": 5
    },
    {
      "attr_path": "python3",
      "broken": false,
      "derivation": "/nix/store/y4m8sfxbkhwzd29qp601973gxfs4bkv4-python3-3.13.5.drv",
      "description": "High-level dynamically-typed programming language",
      "install_id": "python3",
      "license": "Python-2.0",
      "locked_url": "https://github.com/flox/nixpkgs?rev=5b09dc45f24cf32316283e62aec81ffee3c3e376",
      "name": "python3-3.13.5",
      "pname": "python3",
      "rev": "5b09dc45f24cf32316283e62aec81ffee3c3e376",
      "rev_count": 838708,
      "rev_date": "2025-08-03T09:47:33Z",
      "scrape_date": "2025-08-05T01:08:58.399168Z",
      "stabilities": [
        "unstable"
      ],
      "unfree": false,
      "version": "3.13.5",
      "outputs_to_install": [
        "out"
      ],
      "outputs": {
        "out": "/nix/store/9zzyv1p496m8b7j8v3y2dqq1xii9anx5-python3-3.13.5"
      },
      "system": "x86_64-darwin",
      "group": "toplevel",
      "priority": 5
    },
    {
      "attr_path": "python3",
      "broken": false,
      "derivation": "/nix/store/5cjmvj85qx59nw08isq5q63kvc3ccwi1-python3-3.13.5.drv",
      "description": "High-level dynamically-typed programming language",
      "install_id": "python3",
      "license": "Python-2.0",
      "locked_url": "https://github.com/flox/nixpkgs?rev=5b09dc45f24cf32316283e62aec81ffee3c3e376",
      "name": "python3-3.13.5",
      "pname": "python3",
      "rev": "5b09dc45f24cf32316283e62aec81ffee3c3e376",
      "rev_count": 838708,
      "rev_date": "2025-08-03T09:47:33Z",
      "scrape_date": "2025-08-05T01:33:22.063314Z",
      "stabilities": [
        "unstable"
      ],
      "unfree": false,
      "version": "3.13.5",
      "outputs_to_install": [
        "out"
      ],
      "outputs": {
        "debug": "/nix/store/h5y23q0k2xzr0aa17y7b82y826ch7yq9-python3-3.13.5-debug",
        "out": "/nix/store/9yh9ak97gn659bk4d3n411fx6c0ng7s2-python3-3.13.5"
      },
      "system": "x86_64-linux",
      "group": "toplevel",
      "priority": 5
    }
  ]
}